# This file was autogenerated by Stack.
# You should not edit this file by hand.
# For more information, please see the documentation at:
#   https://docs.haskellstack.org/en/stable/lock_files

packages:
- completed:
    hackage: yapb-0.2.7@sha256:405ffe6e007aa0f9cbe218edd132139ce7da79f80d6ca79873517da6731cebdf,4795
    pantry-tree:
      sha256: 0fffb7263a5d3ae5c69e9d5e01f6658a3685c7e2a74e2e1e489c2dd7d16e1fae
      size: 4100
  original:
    hackage: yapb-0.2.7@sha256:405ffe6e007aa0f9cbe218edd132139ce7da79f80d6ca79873517da6731cebdf,4795
snapshots:
- completed:
    sha256: cbd5e8593869445794924668479b5bd9f1738d075898623dceacc13b2576b6e3
    size: 617355
    url: https://raw.githubusercontent.com/commercialhaskell/stackage-snapshots/master/lts/19/1.yaml
  original:
    url: https://raw.githubusercontent.com/commercialhaskell/stackage-snapshots/master/lts/19/1.yaml
